
Microsoft Visual Studio Solution File, Format Version 12.00
# Visual Studio Version 17
VisualStudioVersion = 17.6.33829.357
MinimumVisualStudioVersion = 10.0.40219.1
Project("{FAE04EC0-301F-11D3-BF4B-00C04F79EFBC}") = "VremenskaPrognozaApp", "VremenskaPrognozaApp\VremenskaPrognozaApp.csproj", "{5CD292AF-895C-4AFA-A0A3-4223C118BC0A}"
EndProject
Global
	GlobalSection(SolutionConfigurationPlatforms) = preSolution
		Debug|Any CPU = Debug|Any CPU
		Release|Any CPU = Release|Any CPU
	EndGlobalSection
	GlobalSection(ProjectConfigurationPlatforms) = postSolution
		{5CD292AF-895C-4AFA-A0A3-4223C118BC0A}.Debug|Any CPU.ActiveCfg = Debug|Any CPU
		{5CD292AF-895C-4AFA-A0A3-4223C118BC0A}.Debug|Any CPU.Build.0 = Debug|Any CPU
		{5CD292AF-895C-4AFA-A0A3-4223C118BC0A}.Release|Any CPU.ActiveCfg = Release|Any CPU
		{5CD292AF-895C-4AFA-A0A3-4223C118BC0A}.Release|Any CPU.Build.0 = Release|Any CPU
	EndGlobalSection
	GlobalSection(SolutionProperties) = preSolution
		HideSolutionNode = FALSE
	EndGlobalSection
	GlobalSection(ExtensibilityGlobals) = postSolution
		SolutionGuid = {32F4FEE8-2250-4648-B58B-FF74B447E04D}
	EndGlobalSection
EndGlobal
